
Microsoft Visual Studio Solution File, Format Version 12.00
# Visual Studio Version 16
VisualStudioVersion = 16.0.30804.86
MinimumVisualStudioVersion = 10.0.40219.1
Project("{888888A0-9F3D-457C-B088-3A5042F75D52}") = "Artemisia", "Artemisia.pyproj", "{F56B67D0-08C7-42E3-A87E-2B2982A7216B}"
EndProject
Global
	GlobalSection(SolutionConfigurationPlatforms) = preSolution
		Debug|Any CPU = Debug|Any CPU
		Release|Any CPU = Release|Any CPU
	EndGlobalSection
	GlobalSection(ProjectConfigurationPlatforms) = postSolution
		{F56B67D0-08C7-42E3-A87E-2B2982A7216B}.Debug|Any CPU.ActiveCfg = Debug|Any CPU
		{F56B67D0-08C7-42E3-A87E-2B2982A7216B}.Debug|Any CPU.Build.0 = Debug|Any CPU
		{F56B67D0-08C7-42E3-A87E-2B2982A7216B}.Release|Any CPU.ActiveCfg = Release|Any CPU
		{F56B67D0-08C7-42E3-A87E-2B2982A7216B}.Release|Any CPU.Build.0 = Release|Any CPU
	EndGlobalSection
	GlobalSection(SolutionProperties) = preSolution
		HideSolutionNode = FALSE
	EndGlobalSection
	GlobalSection(ExtensibilityGlobals) = postSolution
		SolutionGuid = {5A0B5478-8C09-498C-AB4D-F7CF5826EC68}
	EndGlobalSection
EndGlobal
